{
  "name": "javy",
  "version": "0.0.1",
  "lockfileVersion": 2,
  "requires": true,
  "packages": {
    "": {
      "name": "javy",
      "version": "0.0.1",
      "license": "Apache-2.0",
      "devDependencies": {
        "rollup": "^3.7.4",
        "rollup-plugin-swc": "^0.2.1"
      }
    },
    "node_modules/@rollup/pluginutils": {
      "version": "4.2.1",
      "resolved": "https://registry.npmjs.org/@rollup/pluginutils/-/pluginutils-4.2.1.tgz",
      "integrity": "sha512-iKnFXr7NkdZAIHiIWE+BX5ULi/ucVFYWD6TbAV+rZctiRTY2PL6tsIKhoIOaoskiWAkgu+VsbXgUVDNLHf+InQ==",
      "dev": true,
      "dependencies": {
        "estree-walker": "^2.0.1",
        "picomatch": "^2.2.2"
      },
      "engines": {
        "node": ">= 8.0.0"
      }
    },
    "node_modules/@swc/core": {
      "version": "1.3.23",
      "resolved": "https://registry.npmjs.org/@swc/core/-/core-1.3.23.tgz",
      "integrity": "sha512-Aa7yw5+7ErOxr+G0J1eU2hkb9nEMSdt1Ye3isdAgg9mrsPuttk+cfLp6nP/Lux/VUnu5k4eOxeTy9UhjJhRAFw==",
      "dev": true,
      "hasInstallScript": true,
      "peer": true,
      "bin": {
        "swcx": "run_swcx.js"
      },
      "engines": {
        "node": ">=10"
      },
      "funding": {
        "type": "opencollective",
        "url": "https://opencollective.com/swc"
      },
      "optionalDependencies": {
        "@swc/core-darwin-arm64": "1.3.23",
        "@swc/core-darwin-x64": "1.3.23",
        "@swc/core-linux-arm-gnueabihf": "1.3.23",
        "@swc/core-linux-arm64-gnu": "1.3.23",
        "@swc/core-linux-arm64-musl": "1.3.23",
        "@swc/core-linux-x64-gnu": "1.3.23",
        "@swc/core-linux-x64-musl": "1.3.23",
        "@swc/core-win32-arm64-msvc": "1.3.23",
        "@swc/core-win32-ia32-msvc": "1.3.23",
        "@swc/core-win32-x64-msvc": "1.3.23"
      }
    },
    "node_modules/@swc/core-darwin-arm64": {
      "version": "1.3.23",
      "resolved": "https://registry.npmjs.org/@swc/core-darwin-arm64/-/core-darwin-arm64-1.3.23.tgz",
      "integrity": "sha512-IGOEHmE4aBDX7gQWpanI3A0ni47UcvX7rmcy0H8kE6mm/y7mEMWskvNsYhYzJl4GVZgw38v1/lL/A7MRX6g71A==",
      "cpu": [
        "arm64"
      ],
      "dev": true,
      "optional": true,
      "os": [
        "darwin"
      ],
      "peer": true,
      "engines": {
        "node": ">=10"
      }
    },
    "node_modules/@swc/core-darwin-x64": {
      "version": "1.3.23",
      "resolved": "https://registry.npmjs.org/@swc/core-darwin-x64/-/core-darwin-x64-1.3.23.tgz",
      "integrity": "sha512-eQSN+JJqx/5Dk2C5uet2l7HifGsDBorQHD3PAVnge5jxl+rXU/zbzX9Un56+uuUB0QYeS4Dyr8cN7NHuIKGxBA==",
      "cpu": [
        "x64"
      ],
      "dev": true,
      "optional": true,
      "os": [
        "darwin"
      ],
      "peer": true,
      "engines": {
        "node": ">=10"
      }
    },
    "node_modules/@swc/core-linux-arm-gnueabihf": {
      "version": "1.3.23",
      "resolved": "https://registry.npmjs.org/@swc/core-linux-arm-gnueabihf/-/core-linux-arm-gnueabihf-1.3.23.tgz",
      "integrity": "sha512-zxYvggbw6R/sTNey0qgsigFMY59DYepm1+JNojxOKjbnvxmgyeIa5sPdu/5gLj0TtJOiWvSGrpMPNUIVreUSGA==",
      "cpu": [
        "arm"
      ],
      "dev": true,
      "optional": true,
      "os": [
        "linux"
      ],
      "peer": true,
      "engines": {
        "node": ">=10"
      }
    },
    "node_modules/@swc/core-linux-arm64-gnu": {
      "version": "1.3.23",
      "resolved": "https://registry.npmjs.org/@swc/core-linux-arm64-gnu/-/core-linux-arm64-gnu-1.3.23.tgz",
      "integrity": "sha512-l8UWhcNvZ6RzNZBBToMYuKYijF0h7mbw2RuFV5rpCYF/k/Wh85PaDHPQIQ6qjMHJsIBHYXUt0HLAP+fiAfBiDw==",
      "cpu": [
        "arm64"
      ],
      "dev": true,
      "optional": true,
      "os": [
        "linux"
      ],
      "peer": true,
      "engines": {
        "node": ">=10"
      }
    },
    "node_modules/@swc/core-linux-arm64-musl": {
      "version": "1.3.23",
      "resolved": "https://registry.npmjs.org/@swc/core-linux-arm64-musl/-/core-linux-arm64-musl-1.3.23.tgz",
      "integrity": "sha512-TZDPp1wUE1ynVyY0vwIToyOULKEQ91H49R+p6Iu/2YY+UQQwUamhX0Gp8O85RT+j72/iHyhbQkz7yRg6v+GB5A==",
      "cpu": [
        "arm64"
      ],
      "dev": true,
      "optional": true,
      "os": [
        "linux"
      ],
      "peer": true,
      "engines": {
        "node": ">=10"
      }
    },
    "node_modules/@swc/core-linux-x64-gnu": {
      "version": "1.3.23",
      "resolved": "https://registry.npmjs.org/@swc/core-linux-x64-gnu/-/core-linux-x64-gnu-1.3.23.tgz",
      "integrity": "sha512-rKqWnOmUyQfoKZuuXs/S0RNobN+kcUyMtwoCdRdCNqOlk1XZRCMpjGc9Aqn73K3xlZ6JXX6oLrXKn375b2dydw==",
      "cpu": [
        "x64"
      ],
      "dev": true,
      "optional": true,
      "os": [
        "linux"
      ],
      "peer": true,
      "engines": {
        "node": ">=10"
      }
    },
    "node_modules/@swc/core-linux-x64-musl": {
      "version": "1.3.23",
      "resolved": "https://registry.npmjs.org/@swc/core-linux-x64-musl/-/core-linux-x64-musl-1.3.23.tgz",
      "integrity": "sha512-1MK9eocIhuIr/+yUKnTNHpYovMQvfKTJQbU4UMfQLg2qyCGKAvO+jOy5JIGR9x04MWqz9U3EHHS/7Id35ekhFQ==",
      "cpu": [
        "x64"
      ],
      "dev": true,
      "optional": true,
      "os": [
        "linux"
      ],
      "peer": true,
      "engines": {
        "node": ">=10"
      }
    },
    "node_modules/@swc/core-win32-arm64-msvc": {
      "version": "1.3.23",
      "resolved": "https://registry.npmjs.org/@swc/core-win32-arm64-msvc/-/core-win32-arm64-msvc-1.3.23.tgz",
      "integrity": "sha512-3nmdugj0SJIGWeCJBhvPWIfnE2Ax8H2KZsJfcaWmWg0SDh19aAt48Ncyd8WHHBandJmVm2fSjaANSjp+cS2S9A==",
      "cpu": [
        "arm64"
      ],
      "dev": true,
      "optional": true,
      "os": [
        "win32"
      ],
      "peer": true,
      "engines": {
        "node": ">=10"
      }
    },
    "node_modules/@swc/core-win32-ia32-msvc": {
      "version": "1.3.23",
      "resolved": "https://registry.npmjs.org/@swc/core-win32-ia32-msvc/-/core-win32-ia32-msvc-1.3.23.tgz",
      "integrity": "sha512-2AlGRhys1BsfLjXyWOd+5J/Ko2kkVQVuy3ZR8OBGy7XI54p0PpepabloYI9irr+4bi9vtyxoc5rS21PmJxB83Q==",
      "cpu": [
        "ia32"
      ],
      "dev": true,
      "optional": true,
      "os": [
        "win32"
      ],
      "peer": true,
      "engines": {
        "node": ">=10"
      }
    },
    "node_modules/@swc/core-win32-x64-msvc": {
      "version": "1.3.23",
      "resolved": "https://registry.npmjs.org/@swc/core-win32-x64-msvc/-/core-win32-x64-msvc-1.3.23.tgz",
      "integrity": "sha512-qYKP8sIM7VVLuDb5BkRBoHy28OHZWrUhPTO7WgpErhVVM9wnzmMi/Jgg8SyfMy6oheBjO0QiwWbXONxBwByjnQ==",
      "cpu": [
        "x64"
      ],
      "dev": true,
      "optional": true,
      "os": [
        "win32"
      ],
      "peer": true,
      "engines": {
        "node": ">=10"
      }
    },
    "node_modules/estree-walker": {
      "version": "2.0.2",
      "resolved": "https://registry.npmjs.org/estree-walker/-/estree-walker-2.0.2.tgz",
      "integrity": "sha512-Rfkk/Mp/DL7JVje3u18FxFujQlTNR2q6QfMSMB7AvCBx91NGj/ba3kCfza0f6dVDbw7YlRf/nDrn7pQrCCyQ/w==",
      "dev": true
    },
    "node_modules/fsevents": {
      "version": "2.3.2",
      "resolved": "https://registry.npmjs.org/fsevents/-/fsevents-2.3.2.tgz",
      "integrity": "sha512-xiqMQR4xAeHTuB9uWm+fFRcIOgKBMiOBP+eXiyT7jsgVCq1bkVygt00oASowB7EdtpOHaaPgKt812P9ab+DDKA==",
      "dev": true,
      "hasInstallScript": true,
      "optional": true,
      "os": [
        "darwin"
      ],
      "engines": {
        "node": "^8.16.0 || ^10.6.0 || >=11.0.0"
      }
    },
    "node_modules/picomatch": {
      "version": "2.3.1",
      "resolved": "https://registry.npmjs.org/picomatch/-/picomatch-2.3.1.tgz",
      "integrity": "sha512-JU3teHTNjmE2VCGFzuY8EXzCDVwEqB2a8fsIvwaStHhAWJEeVd1o1QD80CU6+ZdEXXSLbSsuLwJjkCBWqRQUVA==",
      "dev": true,
      "engines": {
        "node": ">=8.6"
      },
      "funding": {
        "url": "https://github.com/sponsors/jonschlinkert"
      }
    },
    "node_modules/rollup": {
      "version": "3.7.4",
      "resolved": "https://registry.npmjs.org/rollup/-/rollup-3.7.4.tgz",
      "integrity": "sha512-jN9rx3k5pfg9H9al0r0y1EYKSeiRANZRYX32SuNXAnKzh6cVyf4LZVto1KAuDnbHT03E1CpsgqDKaqQ8FZtgxw==",
      "dev": true,
      "bin": {
        "rollup": "dist/bin/rollup"
      },
      "engines": {
        "node": ">=14.18.0",
        "npm": ">=8.0.0"
      },
      "optionalDependencies": {
        "fsevents": "~2.3.2"
      }
    },
    "node_modules/rollup-plugin-swc": {
      "version": "0.2.1",
      "resolved": "https://registry.npmjs.org/rollup-plugin-swc/-/rollup-plugin-swc-0.2.1.tgz",
      "integrity": "sha512-wWRYt9tC0aIBvRQHNnVtwJ6DRPDj9XYpOAcOyFB11sKSkR/R+NAmbrjBACCPNVmZcxg6joV29wXgb5mU1DI7eA==",
      "dev": true,
      "dependencies": {
        "@rollup/pluginutils": "^4.1.2"
      },
      "peerDependencies": {
        "@swc/core": ">=1.0",
        "rollup": ">=1.5.0"
      }
    }
  },
  "dependencies": {
    "@rollup/pluginutils": {
      "version": "4.2.1",
      "resolved": "https://registry.npmjs.org/@rollup/pluginutils/-/pluginutils-4.2.1.tgz",
      "integrity": "sha512-iKnFXr7NkdZAIHiIWE+BX5ULi/ucVFYWD6TbAV+rZctiRTY2PL6tsIKhoIOaoskiWAkgu+VsbXgUVDNLHf+InQ==",
      "dev": true,
      "requires": {
        "estree-walker": "^2.0.1",
        "picomatch": "^2.2.2"
      }
    },
    "@swc/core": {
      "version": "1.3.23",
      "resolved": "https://registry.npmjs.org/@swc/core/-/core-1.3.23.tgz",
      "integrity": "sha512-Aa7yw5+7ErOxr+G0J1eU2hkb9nEMSdt1Ye3isdAgg9mrsPuttk+cfLp6nP/Lux/VUnu5k4eOxeTy9UhjJhRAFw==",
      "dev": true,
      "peer": true,
      "requires": {
        "@swc/core-darwin-arm64": "1.3.23",
        "@swc/core-darwin-x64": "1.3.23",
        "@swc/core-linux-arm-gnueabihf": "1.3.23",
        "@swc/core-linux-arm64-gnu": "1.3.23",
        "@swc/core-linux-arm64-musl": "1.3.23",
        "@swc/core-linux-x64-gnu": "1.3.23",
        "@swc/core-linux-x64-musl": "1.3.23",
        "@swc/core-win32-arm64-msvc": "1.3.23",
        "@swc/core-win32-ia32-msvc": "1.3.23",
        "@swc/core-win32-x64-msvc": "1.3.23"
      }
    },
    "@swc/core-darwin-arm64": {
      "version": "1.3.23",
      "resolved": "https://registry.npmjs.org/@swc/core-darwin-arm64/-/core-darwin-arm64-1.3.23.tgz",
      "integrity": "sha512-IGOEHmE4aBDX7gQWpanI3A0ni47UcvX7rmcy0H8kE6mm/y7mEMWskvNsYhYzJl4GVZgw38v1/lL/A7MRX6g71A==",
      "dev": true,
      "optional": true,
      "peer": true
    },
    "@swc/core-darwin-x64": {
      "version": "1.3.23",
      "resolved": "https://registry.npmjs.org/@swc/core-darwin-x64/-/core-darwin-x64-1.3.23.tgz",
      "integrity": "sha512-eQSN+JJqx/5Dk2C5uet2l7HifGsDBorQHD3PAVnge5jxl+rXU/zbzX9Un56+uuUB0QYeS4Dyr8cN7NHuIKGxBA==",
      "dev": true,
      "optional": true,
      "peer": true
    },
    "@swc/core-linux-arm-gnueabihf": {
      "version": "1.3.23",
      "resolved": "https://registry.npmjs.org/@swc/core-linux-arm-gnueabihf/-/core-linux-arm-gnueabihf-1.3.23.tgz",
      "integrity": "sha512-zxYvggbw6R/sTNey0qgsigFMY59DYepm1+JNojxOKjbnvxmgyeIa5sPdu/5gLj0TtJOiWvSGrpMPNUIVreUSGA==",
      "dev": true,
      "optional": true,
      "peer": true
    },
    "@swc/core-linux-arm64-gnu": {
      "version": "1.3.23",
      "resolved": "https://registry.npmjs.org/@swc/core-linux-arm64-gnu/-/core-linux-arm64-gnu-1.3.23.tgz",
      "integrity": "sha512-l8UWhcNvZ6RzNZBBToMYuKYijF0h7mbw2RuFV5rpCYF/k/Wh85PaDHPQIQ6qjMHJsIBHYXUt0HLAP+fiAfBiDw==",
      "dev": true,
      "optional": true,
      "peer": true
    },
    "@swc/core-linux-arm64-musl": {
      "version": "1.3.23",
      "resolved": "https://registry.npmjs.org/@swc/core-linux-arm64-musl/-/core-linux-arm64-musl-1.3.23.tgz",
      "integrity": "sha512-TZDPp1wUE1ynVyY0vwIToyOULKEQ91H49R+p6Iu/2YY+UQQwUamhX0Gp8O85RT+j72/iHyhbQkz7yRg6v+GB5A==",
      "dev": true,
      "optional": true,
      "peer": true
    },
    "@swc/core-linux-x64-gnu": {
      "version": "1.3.23",
      "resolved": "https://registry.npmjs.org/@swc/core-linux-x64-gnu/-/core-linux-x64-gnu-1.3.23.tgz",
      "integrity": "sha512-rKqWnOmUyQfoKZuuXs/S0RNobN+kcUyMtwoCdRdCNqOlk1XZRCMpjGc9Aqn73K3xlZ6JXX6oLrXKn375b2dydw==",
      "dev": true,
      "optional": true,
      "peer": true
    },
    "@swc/core-linux-x64-musl": {
      "version": "1.3.23",
      "resolved": "https://registry.npmjs.org/@swc/core-linux-x64-musl/-/core-linux-x64-musl-1.3.23.tgz",
      "integrity": "sha512-1MK9eocIhuIr/+yUKnTNHpYovMQvfKTJQbU4UMfQLg2qyCGKAvO+jOy5JIGR9x04MWqz9U3EHHS/7Id35ekhFQ==",
      "dev": true,
      "optional": true,
      "peer": true
    },
    "@swc/core-win32-arm64-msvc": {
      "version": "1.3.23",
      "resolved": "https://registry.npmjs.org/@swc/core-win32-arm64-msvc/-/core-win32-arm64-msvc-1.3.23.tgz",
      "integrity": "sha512-3nmdugj0SJIGWeCJBhvPWIfnE2Ax8H2KZsJfcaWmWg0SDh19aAt48Ncyd8WHHBandJmVm2fSjaANSjp+cS2S9A==",
      "dev": true,
      "optional": true,
      "peer": true
    },
    "@swc/core-win32-ia32-msvc": {
      "version": "1.3.23",
      "resolved": "https://registry.npmjs.org/@swc/core-win32-ia32-msvc/-/core-win32-ia32-msvc-1.3.23.tgz",
      "integrity": "sha512-2AlGRhys1BsfLjXyWOd+5J/Ko2kkVQVuy3ZR8OBGy7XI54p0PpepabloYI9irr+4bi9vtyxoc5rS21PmJxB83Q==",
      "dev": true,
      "optional": true,
      "peer": true
    },
    "@swc/core-win32-x64-msvc": {
      "version": "1.3.23",
      "resolved": "https://registry.npmjs.org/@swc/core-win32-x64-msvc/-/core-win32-x64-msvc-1.3.23.tgz",
      "integrity": "sha512-qYKP8sIM7VVLuDb5BkRBoHy28OHZWrUhPTO7WgpErhVVM9wnzmMi/Jgg8SyfMy6oheBjO0QiwWbXONxBwByjnQ==",
      "dev": true,
      "optional": true,
      "peer": true
    },
    "estree-walker": {
      "version": "2.0.2",
      "resolved": "https://registry.npmjs.org/estree-walker/-/estree-walker-2.0.2.tgz",
      "integrity": "sha512-Rfkk/Mp/DL7JVje3u18FxFujQlTNR2q6QfMSMB7AvCBx91NGj/ba3kCfza0f6dVDbw7YlRf/nDrn7pQrCCyQ/w==",
      "dev": true
    },
    "fsevents": {
      "version": "2.3.2",
      "resolved": "https://registry.npmjs.org/fsevents/-/fsevents-2.3.2.tgz",
      "integrity": "sha512-xiqMQR4xAeHTuB9uWm+fFRcIOgKBMiOBP+eXiyT7jsgVCq1bkVygt00oASowB7EdtpOHaaPgKt812P9ab+DDKA==",
      "dev": true,
      "optional": true
    },
    "picomatch": {
      "version": "2.3.1",
      "resolved": "https://registry.npmjs.org/picomatch/-/picomatch-2.3.1.tgz",
      "integrity": "sha512-JU3teHTNjmE2VCGFzuY8EXzCDVwEqB2a8fsIvwaStHhAWJEeVd1o1QD80CU6+ZdEXXSLbSsuLwJjkCBWqRQUVA==",
      "dev": true
    },
    "rollup": {
      "version": "3.7.4",
      "resolved": "https://registry.npmjs.org/rollup/-/rollup-3.7.4.tgz",
      "integrity": "sha512-jN9rx3k5pfg9H9al0r0y1EYKSeiRANZRYX32SuNXAnKzh6cVyf4LZVto1KAuDnbHT03E1CpsgqDKaqQ8FZtgxw==",
      "dev": true,
      "requires": {
        "fsevents": "~2.3.2"
      }
    },
    "rollup-plugin-swc": {
      "version": "0.2.1",
      "resolved": "https://registry.npmjs.org/rollup-plugin-swc/-/rollup-plugin-swc-0.2.1.tgz",
      "integrity": "sha512-wWRYt9tC0aIBvRQHNnVtwJ6DRPDj9XYpOAcOyFB11sKSkR/R+NAmbrjBACCPNVmZcxg6joV29wXgb5mU1DI7eA==",
      "dev": true,
      "requires": {
        "@rollup/pluginutils": "^4.1.2"
      }
    }
  }
}
