lockfileVersion: '9.0'

settings:
  autoInstallPeers: true
  excludeLinksFromLockfile: false

importers:

  .:
    devDependencies:
      '@rollup/plugin-node-resolve':
        specifier: ^16.0.0
        version: 16.0.3(rollup@4.63.1)
      '@typescript/typescript6':
        specifier: 6.0.2
        version: 6.0.2
      rollup:
        specifier: ^4.1.4
        version: 4.63.1
      rollup-plugin-swc:
        specifier: ^0.2.1
        version: 0.2.1(@swc/core@1.15.33)(rollup@4.63.1)
      typescript:
        specifier: ^7.0.2
        version: 7.0.2
      vite:
        specifier: ^8.0.3
        version: 8.2.2
      vite-plugin-dts:
        specifier: ^5.0.0
        version: 5.0.3(rolldown@1.2.6)(rollup@4.63.1)(typescript@7.0.2)(vite@8.2.2)

packages:

  '@jridgewell/gen-mapping@0.3.13':
    resolution: {integrity: sha512-2kkt/7niJ6MgEPxF0bYdQ6etZaA+fQvDcLKckhy1yIQOzaoKjBBjSj63/aLVjYE3qhRt5dvM+uUyfCg6UKCBbA==}

  '@jridgewell/remapping@2.3.5':
    resolution: {integrity: sha512-LI9u/+laYG4Ds1TDKSJW2YPrIlcVYOwi2fUC6xB43lueCjgxV4lffOCZCtYFiH6TNOX+tQKXx97T4IKHbhyHEQ==}

  '@jridgewell/resolve-uri@3.1.2':
    resolution: {integrity: sha512-bRISgCIjP20/tbWSPWMEi54QVPRZExkuD9lJL+UIxUKtwVJA8wW1Trb1jMs1RFXo1CBTNZ/5hpC9QvmKWdopKw==}
    engines: {node: '>=6.0.0'}

  '@jridgewell/sourcemap-codec@1.5.5':
    resolution: {integrity: sha512-cYQ9310grqxueWbl+WuIUIaiUaDcj7WOq5fVhEljNVgRfOUhY9fy2zTvfoqWsnebh8Sl70VScFbICvJnLKB0Og==}

  '@jridgewell/trace-mapping@0.3.31':
    resolution: {integrity: sha512-zzNR+SdQSDJzc8joaeP8QQoCQr8NuYx2dIIytl1QeBEZHJ9uW6hebsrYgbz8hJwUQao3TWCMtmfV8Nu1twOLAw==}

  '@napi-rs/lzma-linux-x64-gnu@1.5.1':
    resolution: {integrity: sha512-oTXEIha4SsuXdTA4Iyskj0kpdx2yVXdhd75c2v3xGrHFfVMsbhTPZU/nMPL4sWKo4pBHm3aucLaqGlF696dTyQ==}
    engines: {node: ^22.20 || ^24.12 || >=25}
    cpu: [x64]
    os: [linux]
    libc: [glibc]

  '@oxc-project/types@0.147.0':
    resolution: {integrity: sha512-IJ3s6ltHLp45S0bh7phkX+gJO7A1Wuz2EaqpAhb8WjqDwbzMiWKHhyyT42tskaWjEYXtHtVCPpnBJVT9+dcRLg==}

  '@rolldown/binding-android-arm-eabi@1.2.6':
    resolution: {integrity: sha512-b+jTcARdTiFLI6jB4a5XjTm0RWd6KcRfQj/I2356fxUZemiho9zQLxo0RtCuMDAyKcLo6cEltkgbQp6d1+sjjQ==}
    engines: {node: ^20.19.0 || >=22.12.0}
    cpu: [arm]
    os: [android]

  '@rolldown/binding-android-arm64@1.2.6':
    resolution: {integrity: sha512-lkWU8ZJaRk9q3CIEY1Tc7vIFALp3Xw5NfGJo2hQg5oIqNgxWi1zI+IiDEK3r70BF5Dzol1tcXsnzsRc8NLhG+Q==}
    engines: {node: ^20.19.0 || >=22.12.0}
    cpu: [arm64]
    os: [android]

  '@rolldown/binding-darwin-arm64@1.2.6':
    resolution: {integrity: sha512-dgR56NYnvAszm7Ob1B2/Vn0e8bUQYZH2UjVaMMtMVOCKFSfjhfLmuA/9+O+F+ajUdG6B/bSssrKW6JJYASa8jA==}
    engines: {node: ^20.19.0 || >=22.12.0}
    cpu: [arm64]
    os: [darwin]

  '@rolldown/binding-darwin-x64@1.2.6':
    resolution: {integrity: sha512-vpVxFvUCFioJqug7OTvqptkc4yb8UX0AwfDmJpaR/0sWz+BUmqSVAf7c8JkUgnN8YLspb4a/N6NhTyMAmdyQ7Q==}
    engines: {node: ^20.19.0 || >=22.12.0}
    cpu: [x64]
    os: [darwin]

  '@rolldown/binding-freebsd-x64@1.2.6':
    resolution: {integrity: sha512-h1wG6Y6K3JlRswxsI64qQJqBAy4vrLuHgRbc8CZMGSWTOFRY6ghMApM1NKzB2I0n5xV1fjkE18SuVl2QpLeNpA==}
    engines: {node: ^20.19.0 || >=22.12.0}
    cpu: [x64]
    os: [freebsd]

  '@rolldown/binding-linux-arm-gnueabihf@1.2.6':
    resolution: {integrity: sha512-tbCiqub0q2MVWJKgF5PoAlNWCtQydiOYSLIkd8sByqK/6MMYLJRcSXSYodqYtd0O+Fw7QaVmKKlS4oL94YRZ0w==}
    engines: {node: ^20.19.0 || >=22.12.0}
    cpu: [arm]
    os: [linux]

  '@rolldown/binding-linux-arm64-gnu@1.2.6':
    resolution: {integrity: sha512-oxK9+baEBPhZG5HB4URY+uU04zJWeZlH6Tb9rB5DK4DF9XR1uXNLXt5Q5ZsugTKayNCNLhkcwz/ye74hRI98dg==}
    engines: {node: ^20.19.0 || >=22.12.0}
    cpu: [arm64]
    os: [linux]
    libc: [glibc]

  '@rolldown/binding-linux-arm64-musl@1.2.6':
    resolution: {integrity: sha512-muWCk27FVBEZtv0MsK8gnfSmgczA8KQ0uRVJbTABKhkRfQc38aUrcb7fhi3BNiyseFmgcRsoMfQsSNJ+DbZdSw==}
    engines: {node: ^20.19.0 || >=22.12.0}
    cpu: [arm64]
    os: [linux]
    libc: [musl]

  '@rolldown/binding-linux-ppc64-gnu@1.2.6':
    resolution: {integrity: sha512-eWDoSfU7Co2qj3vgB3Dt4lj1mG6CoWbcJQkRMP3XJplyCMtuaq3LHvPFjS9QIPvMGWVadJC04Xiy0IdcVPtnwQ==}
    engines: {node: ^20.19.0 || >=22.12.0}
    cpu: [ppc64]
    os: [linux]
    libc: [glibc]

  '@rolldown/binding-linux-s390x-gnu@1.2.6':
    resolution: {integrity: sha512-2bWNjRSIayvupRKxXUY2tWG9fYdoUlTqWywHRvE8Eq3GvuQ+f2HeIkve697fIt+IQs/PV8yFsdWuhp1aJ1PdnA==}
    engines: {node: ^20.19.0 || >=22.12.0}
    cpu: [s390x]
    os: [linux]
    libc: [glibc]

  '@rolldown/binding-linux-x64-gnu@1.2.6':
    resolution: {integrity: sha512-KekI0gS0wLxe1UBSQSjenBVwou/JkcQPDzBPICGZjxUv9k3RteHDPBQaiOicZUFKRIH2wKEimGwVpnJsbPzu7w==}
    engines: {node: ^20.19.0 || >=22.12.0}
    cpu: [x64]
    os: [linux]
    libc: [glibc]

  '@rolldown/binding-linux-x64-musl@1.2.6':
    resolution: {integrity: sha512-TvtPnfVr+HtyGiDmPK4VWmlNm7QhNNAcK5Q9A7aOXsI8545yCyaoMaicXrFZ72JzeYjaUVk7yT243zT0jzjFKQ==}
    engines: {node: ^20.19.0 || >=22.12.0}
    cpu: [x64]
    os: [linux]
    libc: [musl]

  '@rolldown/binding-openharmony-arm64@1.2.6':
    resolution: {integrity: sha512-iOo0VEay2XFhaCcH0sps5XIimkSuOnNaZrf6+ZkoSOQBJPKNU48RkmJv0/lSpipexu5P+ouFgafe5IGr/DiQfg==}
    engines: {node: ^20.19.0 || >=22.12.0}
    cpu: [arm64]
    os: [openharmony]

  '@rolldown/binding-win32-arm64-msvc@1.2.6':
    resolution: {integrity: sha512-y5NTmmasMS455JlOCO4ZM9krIchv3Mvm1crL1iUPGOPgEzSkves9n0SdC5Sjz6+qWDFhd8/JpfWMH8NSWNHe+A==}
    engines: {node: ^20.19.0 || >=22.12.0}
    cpu: [arm64]
    os: [win32]

  '@rolldown/binding-win32-x64-msvc@1.2.6':
    resolution: {integrity: sha512-np8iZSLfXlAD4kWhiyq/u0Yt8oZDtRQ8lGhQaCXo2rl37KNjeU0GjJuwr4P3oeZ++ROfofsKNBqR5LTO8aXyWQ==}
    engines: {node: ^20.19.0 || >=22.12.0}
    cpu: [x64]
    os: [win32]

  '@rolldown/pluginutils@1.0.1':
    resolution: {integrity: sha512-2j9bGt5Jh8hj+vPtgzPtl72j0yRxHAyumoo6TNfAjsLB04UtpSvPbPcDcBMxz7n+9CYB0c1GxQFxYRg2jimqGw==}

  '@rollup/plugin-node-resolve@16.0.3':
    resolution: {integrity: sha512-lUYM3UBGuM93CnMPG1YocWu7X802BrNF3jW2zny5gQyLQgRFJhV1Sq0Zi74+dh/6NBx1DxFC4b4GXg9wUCG5Qg==}
    engines: {node: '>=14.0.0'}
    peerDependencies:
      rollup: ^2.78.0||^3.0.0||^4.0.0
    peerDependenciesMeta:
      rollup:
        optional: true

  '@rollup/pluginutils@4.2.1':
    resolution: {integrity: sha512-iKnFXr7NkdZAIHiIWE+BX5ULi/ucVFYWD6TbAV+rZctiRTY2PL6tsIKhoIOaoskiWAkgu+VsbXgUVDNLHf+InQ==}
    engines: {node: '>= 8.0.0'}

  '@rollup/pluginutils@5.3.0':
    resolution: {integrity: sha512-5EdhGZtnu3V88ces7s53hhfK5KSASnJZv8Lulpc04cWO3REESroJXg73DFsOmgbU2BhwV0E20bu2IDZb3VKW4Q==}
    engines: {node: '>=14.0.0'}
    peerDependencies:
      rollup: ^1.20.0||^2.0.0||^3.0.0||^4.0.0
    peerDependenciesMeta:
      rollup:
        optional: true

  '@rollup/pluginutils@5.4.0':
    resolution: {integrity: sha512-MfPp06CjRLfXQ3wY0R8vJDYBy/MvVcc9OulEfR0B8Iv9ko+GCNaRZ+EpJYFl27LhKsZK0o420sYCRHCjfCgeUg==}
    engines: {node: '>=14.0.0'}
    peerDependencies:
      rollup: ^1.20.0||^2.0.0||^3.0.0||^4.0.0
    peerDependenciesMeta:
      rollup:
        optional: true

  '@rollup/rollup-android-arm-eabi@4.63.1':
    resolution: {integrity: sha512-UZ8sUxPTiHWYX9QNdJedb1kDZSpS1t/VPWBWGSgqHNi9w3Cu6IXvu2mzbhiTiPvtrqgTQJ+zqiAq2iPIPilpaQ==}
    cpu: [arm]
    os: [android]

  '@rollup/rollup-android-arm64@4.63.1':
    resolution: {integrity: sha512-cQ4nFQABN5cDvDpbvJ7bMStCpnaVxynZrRMfUJYgxcIk9Sh54FIO1vtfkg0B69REjER77ioZ/ov+eAApx/KmLQ==}
    cpu: [arm64]
    os: [android]

  '@rollup/rollup-darwin-arm64@4.63.1':
    resolution: {integrity: sha512-FQNqd1lRy/0QhDk3xeRIkSBiCpXCiDnZO3YLVdcDKN1UBiKToNftCzcXYNLshmPDUMlu2TdeS8tGcsU6f3YF1Q==}
    cpu: [arm64]
    os: [darwin]

  '@rollup/rollup-darwin-x64@4.63.1':
    resolution: {integrity: sha512-pvD16V939D3CloK0+qikpGaxiPrDUXTe7Y5cWOMkMSy7m1cawa8EGy/kXYi/G/cKAC4HDAbSnzCIk1WmsoOKXg==}
    cpu: [x64]
    os: [darwin]

  '@rollup/rollup-freebsd-arm64@4.63.1':
    resolution: {integrity: sha512-pcFGeL2345VwdTnJhA6zLbew+YgWB0qBG2+dMtXjCicf6+rm6kO6cOoh5VnTe0ZMrMRgRyuHmCJxZWrIdzYuOw==}
    cpu: [arm64]
    os: [freebsd]

  '@rollup/rollup-freebsd-x64@4.63.1':
    resolution: {integrity: sha512-mRJlqSRulVzcKq/LKA6ICSIc3K/l4fzlVn/gePn2nXIHy8seRi5z/eeRE0d/XMBxcMldiXtQTSpRj0tkkC3g8Q==}
    cpu: [x64]
    os: [freebsd]

  '@rollup/rollup-linux-arm-gnueabihf@4.63.1':
    resolution: {integrity: sha512-YDUNvVM85TI3g/1OpnqKP1h4NeW/j64DfWMf+G3M809xNk1bJSnpFp4sh83NpmVE5DXnkh8ULor4LTVZKoYLHw==}
    cpu: [arm]
    os: [linux]
    libc: [glibc]

  '@rollup/rollup-linux-arm-musleabihf@4.63.1':
    resolution: {integrity: sha512-7Mcn71p9ZuQFAj+h+dhQXy/yeLePRS2yKRnmW1DijA9thKO5qap0GNOIQK4yQ6iP3SU0Mrb/yWo8h8vgRba8lw==}
    cpu: [arm]
    os: [linux]
    libc: [musl]

  '@rollup/rollup-linux-arm64-gnu@4.63.1':
    resolution: {integrity: sha512-4YiLQTX6U4CSl0L9cluep9A9W6UmTfqBDc2/CH6wlu54pl4E7Jn3cOD8oxzvBDEGk/JMKgJ47C8g+radF7mwvg==}
    cpu: [arm64]
    os: [linux]
    libc: [glibc]

  '@rollup/rollup-linux-arm64-musl@4.63.1':
    resolution: {integrity: sha512-2ra8F7w8OquwZN9z2/fKFnli69wa8PLwaVzRMIPGb13ByMJwC28Fbp8YcVGoUhlYMTt7j5j9bNgpysrN2UM+vw==}
    cpu: [arm64]
    os: [linux]
    libc: [musl]

  '@rollup/rollup-linux-loong64-gnu@4.63.1':
    resolution: {integrity: sha512-Sy20ncyhjmBP0Ml+UvQbimjlk6VFgjW5uNP+qqwHB00mTE8Bl2C1TuHTlRwK2YoXeZbee5lP2XevBWVkAQAtSQ==}
    cpu: [loong64]
    os: [linux]
    libc: [glibc]

  '@rollup/rollup-linux-loong64-musl@4.63.1':
    resolution: {integrity: sha512-noITLp8oNjYliPnGWmLyelIHwULGqbHloQHGw1rtxbWhTuWooRpnZarZQJ1y9EUC4szuCusCc+HEpUtxpIwYvA==}
    cpu: [loong64]
    os: [linux]
    libc: [musl]

  '@rollup/rollup-linux-ppc64-gnu@4.63.1':
    resolution: {integrity: sha512-hlxxXd+F1mWiAcaFR7Sv9ZQT6m6UfI8+Vy/kFJzztq2pDMU/0wZ9sish0iszNZvsQDo8Gc0i5yuFEOz5dDf6fA==}
    cpu: [ppc64]
    os: [linux]
    libc: [glibc]

  '@rollup/rollup-linux-ppc64-musl@4.63.1':
    resolution: {integrity: sha512-EF7OpqQTQ/BvGqLzUi4rEHuagCV9MugAUXSHemwPW5vxZ75RR+jxO/2j95Ph2dalMpFHSVECjRoioHZgA9zOYA==}
    cpu: [ppc64]
    os: [linux]
    libc: [musl]

  '@rollup/rollup-linux-riscv64-gnu@4.63.1':
    resolution: {integrity: sha512-wQO3JesW9PRkwlabQ27y7sPfVOOTLRG73I4F2UYHG5PXun3J9U3y+b7ezVKSYbsvSKGQ1k1cq8Qlun4C9kLt3w==}
    cpu: [riscv64]
    os: [linux]
    libc: [glibc]

  '@rollup/rollup-linux-riscv64-musl@4.63.1':
    resolution: {integrity: sha512-ouAGwhO6wHRXdnOVCOsB0tRFkA7nhNB2Nwax6oECXN0YiN8EYUTBAOudADOB1PI+yDL61TeNx/u7MVCzksNbkQ==}
    cpu: [riscv64]
    os: [linux]
    libc: [musl]

  '@rollup/rollup-linux-s390x-gnu@4.63.1':
    resolution: {integrity: sha512-q2R38Sn+1J8RxhfJ+T54wSWmyKXWec+9jgDfqO2AtArEqHO5R2aeayp5H5OYLr5UYDVGsVaZPEFUooMhYCdz5A==}
    cpu: [s390x]
    os: [linux]
    libc: [glibc]

  '@rollup/rollup-linux-x64-gnu@4.63.1':
    resolution: {integrity: sha512-gfI5T24WLLuFfSKw7Go/zDXjAAV0fny0swTaDv+WjK7vqcw4cRhFfdsyKL1n+ukI+ooBxn3bVQnyrn06WpI50w==}
    cpu: [x64]
    os: [linux]
    libc: [glibc]

  '@rollup/rollup-linux-x64-musl@4.63.1':
    resolution: {integrity: sha512-4h6XqthmB4Hspji84wvgk+ElodTsGj+dbZqHJHHtKxj4mYq0ANSEEPX9ys3moJueqsRjwpaJYH7874Itwnj2ow==}
    cpu: [x64]
    os: [linux]
    libc: [musl]

  '@rollup/rollup-openbsd-x64@4.63.1':
    resolution: {integrity: sha512-dlfCOa87o1VAYegLQ9EKilx2JCeRofiyPGhTCmqnuXZ6bMPiycO1rq1+sKoulAp7pGLIsTIw+1x5R+zgh5LhhA==}
    cpu: [x64]
    os: [openbsd]

  '@rollup/rollup-openharmony-arm64@4.63.1':
    resolution: {integrity: sha512-cjkLbOlfcm3QGhMM1J5zaZjsw1GggbN6rw9UTSSRrPrR1KkcXnN7Uq9rPw34xImQ9VOY9GN+6u2Zj80B9ptkcw==}
    cpu: [arm64]
    os: [openharmony]

  '@rollup/rollup-win32-arm64-msvc@4.63.1':
    resolution: {integrity: sha512-Li1KdUnWGE4N3e1F/B4RTB1ms+nG4WBgjByO46pkeBVX/2UBsY53xf5vK9WygVmnH3RwncIST7lkSdLSY6P9lg==}
    cpu: [arm64]
    os: [win32]

  '@rollup/rollup-win32-ia32-msvc@4.63.1':
    resolution: {integrity: sha512-t4ZYOSoLTgwhuFMrmTMLx/+i1DQVK7HYqMc6kY46EApwi8X0nIVphzdNoThU3xt6n+N5urG1/gxBdCaKDLavfg==}
    cpu: [ia32]
    os: [win32]

  '@rollup/rollup-win32-x64-gnu@4.63.1':
    resolution: {integrity: sha512-RgroPfMmKlD1RzSDxvwgcPiy2HNQKoYV7OmwIXDsk73uKW5t6B/V8KIy27SMv/FNXFo/oSBtWc9J0X7t91ezZg==}
    cpu: [x64]
    os: [win32]

  '@rollup/rollup-win32-x64-msvc@4.63.1':
    resolution: {integrity: sha512-at8QVep6S3h5Y6gSbdGU06bRY5WJkf6WUduM9YtvYMbYhB1MOFfUgc6kehitQXzOtMSaT70q7f9ydPhpqu821w==}
    cpu: [x64]
    os: [win32]

  '@swc/core-darwin-arm64@1.15.33':
    resolution: {integrity: sha512-N+L0uXhuO7FIfzqwgxmzv0zIpV0qEp8wPX3QQs2p4atjMoywup2JTeDlXPw+z9pWJGCae3JjM+tZ6myclI+2gA==}
    engines: {node: '>=10'}
    cpu: [arm64]
    os: [darwin]

  '@swc/core-darwin-x64@1.15.33':
    resolution: {integrity: sha512-/Il4QHSOhV4FekbsDtkrNmKbsX26oSysvgrRswa/RYOHXAkwXDbB4jaeKq6PsJLSPkzJ2KzQ061gtBnk0vNHfA==}
    engines: {node: '>=10'}
    cpu: [x64]
    os: [darwin]

  '@swc/core-linux-arm-gnueabihf@1.15.33':
    resolution: {integrity: sha512-C64hBnBxq4viOPQ8hlx+2lJ23bzZBGnjw7ryALmS+0Q3zHmwO8lw1/DArLENw4Q18/0w5wdEO1k3m1wWNtKGqQ==}
    engines: {node: '>=10'}
    cpu: [arm]
    os: [linux]

  '@swc/core-linux-arm64-gnu@1.15.33':
    resolution: {integrity: sha512-TRJfnJbX3jqpxRDRoieMzRiCBS5jOmXNb3iQXmcgjFEHKLnAgK1RZRU8Cq1MsPqO4jAJp/ld1G4O3fXuxv85uw==}
    engines: {node: '>=10'}
    cpu: [arm64]
    os: [linux]
    libc: [glibc]

  '@swc/core-linux-arm64-musl@1.15.33':
    resolution: {integrity: sha512-il7tYM+CpUNzieQbwAjFT1P8zqAhmGWNAGhQZBnxurXZ0aNn+5nqYFTEUKNZl7QibtT0uQXzTZrNGHCIj6Y1Og==}
    engines: {node: '>=10'}
    cpu: [arm64]
    os: [linux]
    libc: [musl]

  '@swc/core-linux-ppc64-gnu@1.15.33':
    resolution: {integrity: sha512-ZtNBwN0Z7CFj9Il0FcPaKdjgP7URyKu/3RfH46vq+0paOBqLj4NYldD6Qo//Duif/7IOtAraUfDOmp0PLAufog==}
    engines: {node: '>=10'}
    cpu: [ppc64]
    os: [linux]
    libc: [glibc]

  '@swc/core-linux-s390x-gnu@1.15.33':
    resolution: {integrity: sha512-De1IyajoOmhOYYjw/lx66bKlyDpHZTueqwpDrWgf5O7T6d1ODeJJO9/OqMBmrBQc5C+dNnlmIufHsp4QVCWufA==}
    engines: {node: '>=10'}
    cpu: [s390x]
    os: [linux]
    libc: [glibc]

  '@swc/core-linux-x64-gnu@1.15.33':
    resolution: {integrity: sha512-mGTH0YxmUN+x6vRN/I6NOk5X0ogNktkwPnJ94IMvR7QjhRDwL0O8RXEDhyUM0YtwWrryBOqaJQBX4zruxEPRGw==}
    engines: {node: '>=10'}
    cpu: [x64]
    os: [linux]
    libc: [glibc]

  '@swc/core-linux-x64-musl@1.15.33':
    resolution: {integrity: sha512-hj628ZkSEJf6zMf5VMbYrG2O6QqyTIp2qwY6VlCjvIa9lAEZ5c2lfPblCLVGYubTeLJDxadLB/CxqQYOQABeEQ==}
    engines: {node: '>=10'}
    cpu: [x64]
    os: [linux]
    libc: [musl]

  '@swc/core-win32-arm64-msvc@1.15.33':
    resolution: {integrity: sha512-GV2oohtN2/5+KSccl86VULu3aT+LrISC8uzgSq0FRnikpD+Zwc+sBlXmoKQ+Db6jI57ITUOIB8jRkdGMABC29g==}
    engines: {node: '>=10'}
    cpu: [arm64]
    os: [win32]

  '@swc/core-win32-ia32-msvc@1.15.33':
    resolution: {integrity: sha512-gtyvzSNR8DHKfFEA2uqb8Ld1myqi6uEg2jyeUq3ikn5ytYs7H8RpZYC8mdy4NXr8hfcdJfCLXPlYaqqfBXpoEQ==}
    engines: {node: '>=10'}
    cpu: [ia32]
    os: [win32]

  '@swc/core-win32-x64-msvc@1.15.33':
    resolution: {integrity: sha512-d6fRqQSkJI+kmMEBWaDQ7TMl8+YjLYbwRUPZQ9DY0ORBJeTzOrG0twvfvlZ2xgw6jA0ScQKgfBm4vHLSLl5Hqg==}
    engines: {node: '>=10'}
    cpu: [x64]
    os: [win32]

  '@swc/core@1.15.33':
    resolution: {integrity: sha512-jOlwnFV2xhuuZeAUILGFULeR6vDPfijEJ57evfocwznQldLU3w2cZ9bSDryY9ip+AsM3r1NJKzf47V2NXebkeQ==}
    engines: {node: '>=10'}
    peerDependencies:
      '@swc/helpers': '>=0.5.17'
    peerDependenciesMeta:
      '@swc/helpers':
        optional: true

  '@swc/counter@0.1.3':
    resolution: {integrity: sha512-e2BR4lsJkkRlKZ/qCHPw9ZaSxc0MVUd7gtbtaB7aMvHeJVYe8sOB8DBZkP2DtISHGSku9sCK6T6cnY0CtXrOCQ==}

  '@swc/types@0.1.28':
    resolution: {integrity: sha512-V6Mnml8v09QALx6K0elJ7o9K/MkVDtW3t6L+7Ou/JcWtb3xwId2AH4FeOceySd2JaO87IMw4+6vSZxLm34LPbw==}

  '@types/estree@1.0.9':
    resolution: {integrity: sha512-GhdPgy1el4/ImP05X05Uw4cw2/M93BCUmnEvWZNStlCzEKME4Fkk+YpoA5OiHNQmoS7Cafb8Xa3Pya8m1Qrzeg==}

  '@types/resolve@1.20.2':
    resolution: {integrity: sha512-60BCwRFOZCQhDncwQdxxeOEEkbc5dIMccYLwbxsS4TUNeVECQ/pBJ0j09mrHOl/JJvpRPGwO9SvE4nR2Nb/a4Q==}

  '@typescript/typescript-aix-ppc64@7.0.2':
    resolution: {integrity: sha512-MTKKkWB7p/0E9xi1d1tHtZ5PiLkGEMIq88pK2CubZjOsLtYTLqhgIgi6zepFa+9GHZ6h05NMCkQxGKiPXMxXtQ==}
    engines: {node: '>=16.20.0'}
    cpu: [ppc64]
    os: [aix]

  '@typescript/typescript-darwin-arm64@7.0.2':
    resolution: {integrity: sha512-gowzar9MwS/aRWp6f3a4KUqzRjAZjOsmGNCM6LcTgXum+dBfgsBVMN+AgvOCCbguXyick6LJhpBszxMebJ8syA==}
    engines: {node: '>=16.20.0'}
    cpu: [arm64]
    os: [darwin]

  '@typescript/typescript-darwin-x64@7.0.2':
    resolution: {integrity: sha512-SZ9xZInqApNlNGc9s0W1VSsktYSOe9cFqNOIqmN1Gs8SmkjKZYFt017G4VwPxASInODuAdbTW7sXiFUf893RgA==}
    engines: {node: '>=16.20.0'}
    cpu: [x64]
    os: [darwin]

  '@typescript/typescript-freebsd-arm64@7.0.2':
    resolution: {integrity: sha512-W5NH4y/J0plIIS5b2xvTEkU7JFxyqdMAOgf+Ilhl0vHQXKO5dZoxd+C/jEtq56c4F3wk71RB4BMRQ2XdI+bwYQ==}
    engines: {node: '>=16.20.0'}
    cpu: [arm64]
    os: [freebsd]

  '@typescript/typescript-freebsd-x64@7.0.2':
    resolution: {integrity: sha512-UMGDx5sTpzNw3WiPebH7l90IWfJggEd+egHt/q6p7/Cm3zqoV7VxkGXt+3DxPIw8CcmvAB0j3sVVfbhX+M4Tpw==}
    engines: {node: '>=16.20.0'}
    cpu: [x64]
    os: [freebsd]

  '@typescript/typescript-linux-arm64@7.0.2':
    resolution: {integrity: sha512-Qh4eU4/y3yDjnfjjyPYihMj5/ODIlmt+Bzu17OI+fiSRDW57QmU5SiN63exPRNJPKUzcc1INa1NXdrJ+MqHjUQ==}
    engines: {node: '>=16.20.0'}
    cpu: [arm64]
    os: [linux]

  '@typescript/typescript-linux-arm@7.0.2':
    resolution: {integrity: sha512-gffT3xPz9sR7j/YJExkyPntrI0P2EP9XbOyWzth2/Gs0RstK+90RBcO0ncXoXy/beYll1SXw846Nf2zdnEz0QQ==}
    engines: {node: '>=16.20.0'}
    cpu: [arm]
    os: [linux]

  '@typescript/typescript-linux-loong64@7.0.2':
    resolution: {integrity: sha512-uEHck9i8hoAzXPiYRib1O7miOnz23SxIeVl6F4LXox+qov1K35jHcEW6VHKvZI+pyvl7fZEP4MCU5LYvIq1GuQ==}
    engines: {node: '>=16.20.0'}
    cpu: [loong64]
    os: [linux]

  '@typescript/typescript-linux-mips64el@7.0.2':
    resolution: {integrity: sha512-R4KvAMnE43W5Qeqb0Ly56O3mWMWIAgsMyz36DCaycd5nbg/9kzm0liw3JocfRqyJY0KPmzFjbswozXyW0DnIYA==}
    engines: {node: '>=16.20.0'}
    cpu: [mips64el]
    os: [linux]

  '@typescript/typescript-linux-ppc64@7.0.2':
    resolution: {integrity: sha512-DORx5b3sd/4S7eayxm4FQv+A7CrkUIGRaHiwI8oiHTAI1fAPWhF4J0vAlkC8biAlHSVVwxMQ3tjZ2/DVbnQiiA==}
    engines: {node: '>=16.20.0'}
    cpu: [ppc64]
    os: [linux]

  '@typescript/typescript-linux-riscv64@7.0.2':
    resolution: {integrity: sha512-wf0jqEDOjrPRnKwYRyyJDRo11KMbvMFrU+q4zqKyChODBzvlkbhNQfKvLxQCcwTpdDaXSHZTVuh0JoCrKCUMHQ==}
    engines: {node: '>=16.20.0'}
    cpu: [riscv64]
    os: [linux]

  '@typescript/typescript-linux-s390x@7.0.2':
    resolution: {integrity: sha512-IkwJc3L7yhytWd/ewjyxNDfOmswCm9GWMJT/ue/dU4aZNbwZeYAetq42VyLmsmSjvoX7z74X6ZaYCtzAr0EuGw==}
    engines: {node: '>=16.20.0'}
    cpu: [s390x]
    os: [linux]

  '@typescript/typescript-linux-x64@7.0.2':
    resolution: {integrity: sha512-EYdf2cNg7rgCWJnxCdJ+F3V39O8ihb37eHAu1LK8oAFizgTQbPOK7zHHXbPt8rX24COqODXeI3sIf0fCXG7H/A==}
    engines: {node: '>=16.20.0'}
    cpu: [x64]
    os: [linux]

  '@typescript/typescript-netbsd-arm64@7.0.2':
    resolution: {integrity: sha512-+polYF4MF04aPpO5FTkHran9yUQDSXqy5GiSDKpsll5jy3l3+g9QLhpf39T+ePtefhXLOGrLl0QIjkQP6VnelA==}
    engines: {node: '>=16.20.0'}
    cpu: [arm64]
    os: [netbsd]

  '@typescript/typescript-netbsd-x64@7.0.2':
    resolution: {integrity: sha512-8YIT0EHM/3dq10ZOVF/A7pc/YSMtbcecct4rWtexrnSCHOPcpC2KTLXfTCR6vDpnSiY12heNb1GiN/wu+T/FyA==}
    engines: {node: '>=16.20.0'}
    cpu: [x64]
    os: [netbsd]

  '@typescript/typescript-openbsd-arm64@7.0.2':
    resolution: {integrity: sha512-APT8+ClYnuYm1u9+kgGXoMj2VzWzcymwh2gNSQVySHfkRDGOTVkoWLjCmOQSaO+PoqQ57B0flRp9SA+7GnnkzQ==}
    engines: {node: '>=16.20.0'}
    cpu: [arm64]
    os: [openbsd]

  '@typescript/typescript-openbsd-x64@7.0.2':
    resolution: {integrity: sha512-yX7s+Q0Dln0Dt9tEzZsAjXXR/+ytBM7AlglaqyeMPxQszJ1JhlJdZ6jLA+IzldHtflX81em7lDao1xXu+aRRkg==}
    engines: {node: '>=16.20.0'}
    cpu: [x64]
    os: [openbsd]

  '@typescript/typescript-sunos-x64@7.0.2':
    resolution: {integrity: sha512-dLJDGaLZ1D4HPQn62u1n8mBDkJREwMsAkCdkwd4Ieqw+x3TUyTsqY0YiBCtE6H6OzzgGk3iuZ3vFWRS+E8/d1g==}
    engines: {node: '>=16.20.0'}
    cpu: [x64]
    os: [sunos]

  '@typescript/typescript-win32-arm64@7.0.2':
    resolution: {integrity: sha512-Gyl1Vy6OsWesLzmq+EP0Fb7b4Nid5232AvcA2SFcdYreldpNtYFFofPjnt62y9hQy7VTaZp65ICJjuAQRaVcIQ==}
    engines: {node: '>=16.20.0'}
    cpu: [arm64]
    os: [win32]

  '@typescript/typescript-win32-x64@7.0.2':
    resolution: {integrity: sha512-0BQ3HkAHHlKLSp1qRvf3SUhGpGsDuhB/jgFw75guyqbxJqEaS0Cw/VFO8i2nHglJUzQCRtMMR/IBAKE3ETMC4g==}
    engines: {node: '>=16.20.0'}
    cpu: [x64]
    os: [win32]

  '@typescript/typescript6@6.0.2':
    resolution: {integrity: sha512-mbCddXd+jm7hfx7w2YU64/Av4/NqqeG3GoRZgxPcgoTxYjhrcfJRw9ULch71SS4G+Q3bOXFhRvPqjguN0Hyp5w==}
    hasBin: true

  '@volar/language-core@2.4.28':
    resolution: {integrity: sha512-w4qhIJ8ZSitgLAkVay6AbcnC7gP3glYM3fYwKV3srj8m494E3xtrCv6E+bWviiK/8hs6e6t1ij1s2Endql7vzQ==}

  '@volar/source-map@2.4.28':
    resolution: {integrity: sha512-yX2BDBqJkRXfKw8my8VarTyjv48QwxdJtvRgUpNE5erCsgEUdI2DsLbpa+rOQVAJYshY99szEcRDmyHbF10ggQ==}

  '@volar/typescript@2.4.28':
    resolution: {integrity: sha512-Ja6yvWrbis2QtN4ClAKreeUZPVYMARDYZl9LMEv1iQ1QdepB6wn0jTRxA9MftYmYa4DQ4k/DaSZpFPUfxl8giw==}

  acorn@8.17.0:
    resolution: {integrity: sha512-xRQbDb9BnwDafYNn6Vwl839DYVjqXYb1XVGtWAZ1kcDc6iwAL4hg3B1dZlRiuENFeO2H53gFG3in621AdERVAg==}
    engines: {node: '>=0.4.0'}
    hasBin: true

  compare-versions@6.1.1:
    resolution: {integrity: sha512-4hm4VPpIecmlg59CHXnRDnqGplJFrbLG4aFEl5vl6cK1u76ws3LLvX7ikFnTDl5vo39sjWD6AaDPYodJp/NNHg==}

  confbox@0.1.8:
    resolution: {integrity: sha512-RMtmw0iFkeR4YV+fUOSucriAQNb9g8zFR52MWCtl+cCZOFRNL6zeB395vPzFhEjjn4fMxXudmELnl/KF/WrK6w==}

  confbox@0.2.4:
    resolution: {integrity: sha512-ysOGlgTFbN2/Y6Cg3Iye8YKulHw+R2fNXHrgSmXISQdMnomY6eNDprVdW9R5xBguEqI954+S6709UyiO7B+6OQ==}

  debug@4.4.3:
    resolution: {integrity: sha512-RGwwWnwQvkVfavKVt22FGLw+xYSdzARwm0ru6DhTVA3umU5hZc28V3kO4stgYryrTlLpuvgI9GiijltAjNbcqA==}
    engines: {node: '>=6.0'}
    peerDependencies:
      supports-color: '*'
    peerDependenciesMeta:
      supports-color:
        optional: true

  deepmerge@4.3.1:
    resolution: {integrity: sha512-3sUqbMEc77XqpdNO7FRyRog+eW3ph+GYCbj+rK+uYyRMuwsVy0rMiVtPn+QJlKFvWP/1PYpapqYn0Me2knFn+A==}
    engines: {node: '>=0.10.0'}

  detect-libc@2.1.2:
    resolution: {integrity: sha512-Btj2BOOO83o3WyH59e8MgXsxEQVcarkUOpEYrubB0urwnN10yQ364rsiByU11nZlqWYZm05i/of7io4mzihBtQ==}
    engines: {node: '>=8'}

  es-errors@1.3.0:
    resolution: {integrity: sha512-Zf5H2Kxt2xjTvbJvP2ZWLEICxA6j+hAmMzIlypy4xcBg1vKVnx89Wy0GbS+kf5cwCVFFzdCFh2XSCFNULS6csw==}
    engines: {node: '>= 0.4'}

  estree-walker@2.0.2:
    resolution: {integrity: sha512-Rfkk/Mp/DL7JVje3u18FxFujQlTNR2q6QfMSMB7AvCBx91NGj/ba3kCfza0f6dVDbw7YlRf/nDrn7pQrCCyQ/w==}

  exsolve@1.1.0:
    resolution: {integrity: sha512-D+42+T12DdIlJM3uepa55qGiL3sYdLBOxIl2ifQCzCHz4c7eiolaHsi3BIqEr7JxBzxv2pYZQX9kw16ziMcEmw==}

  fdir@6.5.0:
    resolution: {integrity: sha512-tIbYtZbucOs0BRGqPJkshJUYdL+SDH7dVM8gjy+ERp3WAUjLEFJE+02kanyHtwjWOnwrKYBiwAmM0p4kLJAnXg==}
    engines: {node: '>=12.0.0'}
    peerDependencies:
      picomatch: ^3 || ^4
    peerDependenciesMeta:
      picomatch:
        optional: true

  fsevents@2.3.3:
    resolution: {integrity: sha512-5xoDfX+fL7faATnagmWPpbFtwh/R77WmMMqqHGS65C3vvB0YHrgF+B1YmZ3441tMj5n63k0212XNoJwzlhffQw==}
    engines: {node: ^8.16.0 || ^10.6.0 || >=11.0.0}
    os: [darwin]

  function-bind@1.1.2:
    resolution: {integrity: sha512-7XHNxH7qX9xG5mIwxkhumTox/MIRNcOgDrxWsMt2pAr23WHp6MrRlN7FBSFpCpr+oVO0F744iUgR82nJMfG2SA==}

  hasown@2.0.3:
    resolution: {integrity: sha512-ej4AhfhfL2Q2zpMmLo7U1Uv9+PyhIZpgQLGT1F9miIGmiCJIoCgSmczFdrc97mWT4kVY72KA+WnnhJ5pghSvSg==}
    engines: {node: '>= 0.4'}

  is-core-module@2.16.2:
    resolution: {integrity: sha512-evOr8xfXKxE6qSR0hSXL2r3sd7ALj8+7jQEUvPYcm5sgZFdJ+AYzT6yNmJenvIYQBgIGwfwz08sL8zoL7yq2BA==}
    engines: {node: '>= 0.4'}

  is-module@1.0.0:
    resolution: {integrity: sha512-51ypPSPCoTEIN9dy5Oy+h4pShgJmPCygKfyRCISBI+JoWT/2oJvK8QPxmwv7b/p239jXrm9M1mlQbyKJ5A152g==}

  kolorist@1.8.0:
    resolution: {integrity: sha512-Y+60/zizpJ3HRH8DCss+q95yr6145JXZo46OTpFvDZWLfRCE4qChOyk1b26nMaNpfHHgxagk9dXT5OP0Tfe+dQ==}

  lightningcss-android-arm64@1.33.0:
    resolution: {integrity: sha512-gEpRTalKdosp4Bb8qWtc2iOgE5SeIHlpS1up9bFq2wAyYhl1UdTObYiHe98zEM9SQvSoqQZ1IQD0JNpg3Ml5pg==}
    engines: {node: '>= 12.0.0'}
    cpu: [arm64]
    os: [android]

  lightningcss-darwin-arm64@1.33.0:
    resolution: {integrity: sha512-Sciaz8eenNTKn9b3t7+xr0ipTp9YxKQY4npwQ3mrRuL0BAVHBLyZxofhaKBAVtzmtRZ/zTyo0/to4B1uWG/Djg==}
    engines: {node: '>= 12.0.0'}
    cpu: [arm64]
    os: [darwin]

  lightningcss-darwin-x64@1.33.0:
    resolution: {integrity: sha512-Z5UPAxzrjlWNNyGy6i65cJzzvgJ5D3T6wMvs+gWpY9d7qRhANrxqAp6LhxIgZhWEw18RfJTGcRxjuLIBr+m8XQ==}
    engines: {node: '>= 12.0.0'}
    cpu: [x64]
    os: [darwin]

  lightningcss-freebsd-x64@1.33.0:
    resolution: {integrity: sha512-QQM/Ti/hQajJwCY+RiWuCZ9sdtI/XQk7nDK5vC8kkdwixezOlDgvDx7+RT+QjK6FcFT4MpsuoBnHIo/O3StRRg==}
    engines: {node: '>= 12.0.0'}
    cpu: [x64]
    os: [freebsd]

  lightningcss-linux-arm-gnueabihf@1.33.0:
    resolution: {integrity: sha512-N7FVBe6iS24MlM6R/4RBTxGhQheZGs7tiQ9U32UtF75NzP5Q7xWPRqLBCKxlRQRk3rY1jCIPLzx7WzOhuUIRLQ==}
    engines: {node: '>= 12.0.0'}
    cpu: [arm]
    os: [linux]

  lightningcss-linux-arm64-gnu@1.33.0:
    resolution: {integrity: sha512-j2v/itmy4HlNxlc6voKXYgBqNi0Ng2LShg4z7GufpEgs05P+2suBVyi9I6YHq5uoVFx9ETin3eCEhLVyXGQnKg==}
    engines: {node: '>= 12.0.0'}
    cpu: [arm64]
    os: [linux]
    libc: [glibc]

  lightningcss-linux-arm64-musl@1.33.0:
    resolution: {integrity: sha512-yiO5ROMuYQgXbC60yjZU5CYSFZGKXL0HFATXt9mHJn1+zW55oCtMI9NfcVhYLMFDL7gV7oBPon/EmMMGg2OvtQ==}
    engines: {node: '>= 12.0.0'}
    cpu: [arm64]
    os: [linux]
    libc: [musl]

  lightningcss-linux-x64-gnu@1.33.0:
    resolution: {integrity: sha512-ar+Ju7LmcN0Jo4FpL4hpFybwNG9/3A/Br5KW2n2jyODg3MEZXaDYADdemoNS+BDNfMgKvylJLj4S5tyRActuAg==}
    engines: {node: '>= 12.0.0'}
    cpu: [x64]
    os: [linux]
    libc: [glibc]

  lightningcss-linux-x64-musl@1.33.0:
    resolution: {integrity: sha512-RYiYbkokw0trfKqqzfF55lginwEPrD3OJDfTuJzFs1MK6iFnDenaz1fqLLtX4ITG3OktJQXOeTaw1awrBAlZPw==}
    engines: {node: '>= 12.0.0'}
    cpu: [x64]
    os: [linux]
    libc: [musl]

  lightningcss-win32-arm64-msvc@1.33.0:
    resolution: {integrity: sha512-1K+MPfLSFVpphzpdbfkhlWk6wBrTObBzS2T6db10PNOZgR9GoVsAWzwNyuhUYYbTp23j+4RrncfujZ4uAzXvwA==}
    engines: {node: '>= 12.0.0'}
    cpu: [arm64]
    os: [win32]

  lightningcss-win32-x64-msvc@1.33.0:
    resolution: {integrity: sha512-OlEICDx/Xl0FqSp4bry8zFnCvGpig3Gl4gCquvYwHuqJKEC1+n9NgDniFvqHGmMv1ZkqDJrDqKKSykTDX+ehuA==}
    engines: {node: '>= 12.0.0'}
    cpu: [x64]
    os: [win32]

  lightningcss@1.33.0:
    resolution: {integrity: sha512-WkUDrojuJs0xkgGf2udWxa3yGBRxPtxUkB79i6aCZLRgc7PM8fZe9TosfPDcvEpQZbuFASnHYmRLBLUbmLOIIA==}
    engines: {node: '>= 12.0.0'}

  local-pkg@1.2.1:
    resolution: {integrity: sha512-++gUqRDEvcnN6Zhqrr+y/CkVEHhlrR96vZn3nZZPYzMcBUyBtTKzB9NadClFIsIVSsu+3i9tfk/erqy9kAmt7Q==}
    engines: {node: '>=14'}

  magic-string@0.30.21:
    resolution: {integrity: sha512-vd2F4YUyEXKGcLHoq+TEyCjxueSeHnFxyyjNp80yg0XV4vUhnDer/lvvlqM/arB5bXQN5K2/3oinyCRyx8T2CQ==}

  mlly@1.8.2:
    resolution: {integrity: sha512-d+ObxMQFmbt10sretNDytwt85VrbkhhUA/JBGm1MPaWJ65Cl4wOgLaB1NYvJSZ0Ef03MMEU/0xpPMXUIQ29UfA==}

  ms@2.1.3:
    resolution: {integrity: sha512-6FlzubTLZG3J2a/NVCAleEhjzq5oxgHyaCU9yYXvcLsvoVaHJq/s5xXI6/XXP6tz7R9xAOtHnSO/tXtF3WRTlA==}

  nanoid@3.3.18:
    resolution: {integrity: sha512-DTg4MJbGMWkfi6VZFdNt2/caMbQy4Ou+Op/hJQvGEWcnVfoA1QA+xzRKAzw9jD6+GVOOeYr/mIcuDSdug6F6+w==}
    engines: {node: ^10 || ^12 || ^13.7 || ^14 || >=15.0.1}
    hasBin: true

  path-browserify@1.0.1:
    resolution: {integrity: sha512-b7uo2UCUOYZcnF/3ID0lulOJi/bafxa1xPe7ZPsammBSpjSWQkjNxlt635YGS2MiR9GjvuXCtz2emr3jbsz98g==}

  path-parse@1.0.7:
    resolution: {integrity: sha512-LDJzPVEEEPR+y48z93A0Ed0yXb8pAByGWo/k5YYdYgpY2/2EsOsksJrq7lOHxryrVOn1ejG6oAp8ahvOIQD8sw==}

  pathe@2.0.3:
    resolution: {integrity: sha512-WUjGcAqP1gQacoQe+OBJsFA7Ld4DyXuUIjZ5cc75cLHvJ7dtNsTugphxIADwspS+AraAUePCKrSVtPLFj/F88w==}

  picocolors@1.1.1:
    resolution: {integrity: sha512-xceH2snhtb5M9liqDsmEw56le376mTZkEX/jEb/RxNFyegNul7eNslCXP9FDj/Lcu0X8KEyMceP2ntpaHrDEVA==}

  picomatch@2.3.2:
    resolution: {integrity: sha512-V7+vQEJ06Z+c5tSye8S+nHUfI51xoXIXjHQ99cQtKUkQqqO1kO/KCJUfZXuB47h/YBlDhah2H3hdUGXn8ie0oA==}
    engines: {node: '>=8.6'}

  picomatch@4.0.7:
    resolution: {integrity: sha512-qcJu88Q2IWqJsDD529JKMdwGm/dvInW4HvQnRwiH9JtihJvzGOscDtHE3x1pBKeUOTysQ8kVmLnJ2kJu7yhcGA==}
    engines: {node: '>=12'}

  pkg-types@1.3.1:
    resolution: {integrity: sha512-/Jm5M4RvtBFVkKWRu2BLUTNP8/M2a+UwuAX+ae4770q1qVGtfjG+WTCupoZixokjmHiry8uI+dlY8KXYV5HVVQ==}

  pkg-types@2.3.1:
    resolution: {integrity: sha512-y+ichcgc2LrADuhLNAx8DFjVfgz91pRxfZdI3UDhxHvcVEZsenLO+7XaU5vOp0u/7V/wZ+plyuQxtrDlZJ+yeg==}

  postcss@8.5.26:
    resolution: {integrity: sha512-u82N74LFzG8ca+dD8puPnplTXoGH4fTPpVGuIbt36G3qvNlkvfD0lEAZSxaly3KX8TS/L1A1gsCEmvKmBcVbkQ==}
    engines: {node: ^10 || ^12 || >=14}

  quansync@0.2.11:
    resolution: {integrity: sha512-AifT7QEbW9Nri4tAwR5M/uzpBuqfZf+zwaEM/QkzEjj7NBuFD2rBuy0K3dE+8wltbezDV7JMA0WfnCPYRSYbXA==}

  resolve@1.22.12:
    resolution: {integrity: sha512-TyeJ1zif53BPfHootBGwPRYT1RUt6oGWsaQr8UyZW/eAm9bKoijtvruSDEmZHm92CwS9nj7/fWttqPCgzep8CA==}
    engines: {node: '>= 0.4'}
    hasBin: true

  rolldown@1.2.6:
    resolution: {integrity: sha512-vMM4q3aixf46GiF1Kok8jDPFsEpXgFWGjUHXNkNHNm+Y2adXAG2dbX91jkti3i0ZRsOlcmbuzAz1poObSHCmUA==}
    engines: {node: ^20.19.0 || >=22.12.0}
    hasBin: true

  rollup-plugin-swc@0.2.1:
    resolution: {integrity: sha512-wWRYt9tC0aIBvRQHNnVtwJ6DRPDj9XYpOAcOyFB11sKSkR/R+NAmbrjBACCPNVmZcxg6joV29wXgb5mU1DI7eA==}
    deprecated: Package no longer supported. Contact Support at https://www.npmjs.com/support for more info.
    peerDependencies:
      '@swc/core': '>=1.0'
      rollup: '>=1.5.0'

  rollup@4.63.1:
    resolution: {integrity: sha512-3Df9jsstwhccuEfmAMi9l8XUh/GOkVObmFTU7CCVBysEbcOZLl84jCtaAZMcPiMz2EGKsATzQcU+Xr3n/wU6cg==}
    engines: {node: '>=18.0.0', npm: '>=8.0.0'}
    hasBin: true

  source-map-js@1.2.1:
    resolution: {integrity: sha512-UXWMKhLOwVKb728IUtQPXxfYU+usdybtUrK/8uGE8CQMvrhOpwvzDBwj0QhSL7MQc7vIsISBG8VQ8+IDQxpfQA==}
    engines: {node: '>=0.10.0'}

  supports-preserve-symlinks-flag@1.0.0:
    resolution: {integrity: sha512-ot0WnXS9fgdkgIcePe6RHNk1WA8+muPa6cSjeR3V8K27q9BB1rTE3R1p7Hv0z1ZyAc8s6Vvv8DIyWf681MAt0w==}
    engines: {node: '>= 0.4'}

  tinyglobby@0.2.17:
    resolution: {integrity: sha512-wXR/dYpcqKmfWpEdZjiKJOwCNFndD0DMnrW/cYjVGttEkBfVgcLFHoNrlj47mjOVic9yyNu65alsgF4NQyTa2g==}
    engines: {node: '>=12.0.0'}

  typescript@6.0.3:
    resolution: {integrity: sha512-y2TvuxSZPDyQakkFRPZHKFm+KKVqIisdg9/CZwm9ftvKXLP8NRWj38/ODjNbr43SsoXqNuAisEf1GdCxqWcdBw==}
    engines: {node: '>=14.17'}
    hasBin: true

  typescript@7.0.2:
    resolution: {integrity: sha512-8FYau96o3NKOhbjKi/qNvG/W5jhzxkbdm5sj9AbZ/5T5sWqn3hJgLfGx27sRKZWTvyzCP8dLRBTf5tBTSRVUNA==}
    engines: {node: '>=16.20.0'}
    hasBin: true

  ufo@1.6.4:
    resolution: {integrity: sha512-JFNbkD1Svwe0KvGi8GOeLcP4kAWQ609twvCdcHxq1oSL8svv39ZuSvajcD8B+5D0eL4+s1Is2D/O6KN3qcTeRA==}

  unplugin-dts@1.0.3:
    resolution: {integrity: sha512-/GR887wfG4r1cWyt1UZsLRuMIjsmEbGkS9yJrz+0dsToHAYUD5CTyP3JMGVLv25j9K0mJcwAVvZno/aTuSUvNg==}
    peerDependencies:
      '@microsoft/api-extractor': '>=7'
      '@rspack/core': ^1
      '@vue/language-core': ^3.1.5
      esbuild: '*'
      rolldown: '*'
      rollup: '>=3'
      typescript: '>=4'
      vite: '>=3'
      webpack: ^4 || ^5
    peerDependenciesMeta:
      '@microsoft/api-extractor':
        optional: true
      '@rspack/core':
        optional: true
      '@vue/language-core':
        optional: true
      esbuild:
        optional: true
      rolldown:
        optional: true
      rollup:
        optional: true
      vite:
        optional: true
      webpack:
        optional: true

  unplugin@2.3.11:
    resolution: {integrity: sha512-5uKD0nqiYVzlmCRs01Fhs2BdkEgBS3SAVP6ndrBsuK42iC2+JHyxM05Rm9G8+5mkmRtzMZGY8Ct5+mliZxU/Ww==}
    engines: {node: '>=18.12.0'}

  vite-plugin-dts@5.0.3:
    resolution: {integrity: sha512-gIth6NdCEHWPiiRMCK3N6C8WjvdsrtEQrmsiG8h6Ov+lFP+b07Y+wcs9H0H7n146l0PDTYK4cQN1vgeG1pMdRQ==}
    peerDependencies:
      '@microsoft/api-extractor': '>=7'
      rollup: '>=3'
      vite: '>=3'
    peerDependenciesMeta:
      '@microsoft/api-extractor':
        optional: true
      rollup:
        optional: true
      vite:
        optional: true

  vite@8.2.2:
    resolution: {integrity: sha512-cFKLV/PRgAUlIRm5WjMjJ86jrftzpqcgH+Us+DS8mI3CDNiH30Whrz8uHL3+MOLPAgqbMBAqWdAHAphOAM+z/Q==}
    engines: {node: ^20.19.0 || >=22.12.0}
    hasBin: true
    peerDependencies:
      '@types/node': ^20.19.0 || >=22.12.0
      '@vitejs/devtools': ^0.4.0 || ^0.5.0
      esbuild: ^0.27.0 || ^0.28.0
      jiti: '>=1.21.0'
      less: ^4.0.0
      sass: ^1.70.0
      sass-embedded: ^1.70.0
      stylus: '>=0.54.8'
      sugarss: ^5.0.0
      terser: ^5.16.0
      tsx: ^4.8.1
      yaml: ^2.4.2
    peerDependenciesMeta:
      '@types/node':
        optional: true
      '@vitejs/devtools':
        optional: true
      esbuild:
        optional: true
      jiti:
        optional: true
      less:
        optional: true
      sass:
        optional: true
      sass-embedded:
        optional: true
      stylus:
        optional: true
      sugarss:
        optional: true
      terser:
        optional: true
      tsx:
        optional: true
      yaml:
        optional: true

  vscode-uri@3.1.0:
    resolution: {integrity: sha512-/BpdSx+yCQGnCvecbyXdxHDkuk55/G3xwnC0GqY4gmQ3j+A+g8kzzgB4Nk/SINjqn6+waqw3EgbVF2QKExkRxQ==}

  webpack-virtual-modules@0.6.2:
    resolution: {integrity: sha512-66/V2i5hQanC51vBQKPH4aI8NMAcBW59FVBs+rC7eGHupMyfn34q7rZIE+ETlJ+XTevqfUhVVBgSUNSW2flEUQ==}

snapshots:

  '@jridgewell/gen-mapping@0.3.13':
    dependencies:
      '@jridgewell/sourcemap-codec': 1.5.5
      '@jridgewell/trace-mapping': 0.3.31

  '@jridgewell/remapping@2.3.5':
    dependencies:
      '@jridgewell/gen-mapping': 0.3.13
      '@jridgewell/trace-mapping': 0.3.31

  '@jridgewell/resolve-uri@3.1.2': {}

  '@jridgewell/sourcemap-codec@1.5.5': {}

  '@jridgewell/trace-mapping@0.3.31':
    dependencies:
      '@jridgewell/resolve-uri': 3.1.2
      '@jridgewell/sourcemap-codec': 1.5.5

  '@napi-rs/lzma-linux-x64-gnu@1.5.1':
    optional: true

  '@oxc-project/types@0.147.0': {}

  '@rolldown/binding-android-arm-eabi@1.2.6':
    optional: true

  '@rolldown/binding-android-arm64@1.2.6':
    optional: true

  '@rolldown/binding-darwin-arm64@1.2.6':
    optional: true

  '@rolldown/binding-darwin-x64@1.2.6':
    optional: true

  '@rolldown/binding-freebsd-x64@1.2.6':
    optional: true

  '@rolldown/binding-linux-arm-gnueabihf@1.2.6':
    optional: true

  '@rolldown/binding-linux-arm64-gnu@1.2.6':
    optional: true

  '@rolldown/binding-linux-arm64-musl@1.2.6':
    optional: true

  '@rolldown/binding-linux-ppc64-gnu@1.2.6':
    optional: true

  '@rolldown/binding-linux-s390x-gnu@1.2.6':
    optional: true

  '@rolldown/binding-linux-x64-gnu@1.2.6':
    optional: true

  '@rolldown/binding-linux-x64-musl@1.2.6':
    optional: true

  '@rolldown/binding-openharmony-arm64@1.2.6':
    optional: true

  '@rolldown/binding-win32-arm64-msvc@1.2.6':
    optional: true

  '@rolldown/binding-win32-x64-msvc@1.2.6':
    optional: true

  '@rolldown/pluginutils@1.0.1': {}

  '@rollup/plugin-node-resolve@16.0.3(rollup@4.63.1)':
    dependencies:
      '@rollup/pluginutils': 5.3.0(rollup@4.63.1)
      '@types/resolve': 1.20.2
      deepmerge: 4.3.1
      is-module: 1.0.0
      resolve: 1.22.12
    optionalDependencies:
      rollup: 4.63.1

  '@rollup/pluginutils@4.2.1':
    dependencies:
      estree-walker: 2.0.2
      picomatch: 2.3.2

  '@rollup/pluginutils@5.3.0(rollup@4.63.1)':
    dependencies:
      '@types/estree': 1.0.9
      estree-walker: 2.0.2
      picomatch: 4.0.7
    optionalDependencies:
      rollup: 4.63.1

  '@rollup/pluginutils@5.4.0(rollup@4.63.1)':
    dependencies:
      '@types/estree': 1.0.9
      estree-walker: 2.0.2
      picomatch: 4.0.7
    optionalDependencies:
      rollup: 4.63.1

  '@rollup/rollup-android-arm-eabi@4.63.1':
    optional: true

  '@rollup/rollup-android-arm64@4.63.1':
    optional: true

  '@rollup/rollup-darwin-arm64@4.63.1':
    optional: true

  '@rollup/rollup-darwin-x64@4.63.1':
    optional: true

  '@rollup/rollup-freebsd-arm64@4.63.1':
    optional: true

  '@rollup/rollup-freebsd-x64@4.63.1':
    optional: true

  '@rollup/rollup-linux-arm-gnueabihf@4.63.1':
    optional: true

  '@rollup/rollup-linux-arm-musleabihf@4.63.1':
    optional: true

  '@rollup/rollup-linux-arm64-gnu@4.63.1':
    optional: true

  '@rollup/rollup-linux-arm64-musl@4.63.1':
    optional: true

  '@rollup/rollup-linux-loong64-gnu@4.63.1':
    optional: true

  '@rollup/rollup-linux-loong64-musl@4.63.1':
    optional: true

  '@rollup/rollup-linux-ppc64-gnu@4.63.1':
    optional: true

  '@rollup/rollup-linux-ppc64-musl@4.63.1':
    optional: true

  '@rollup/rollup-linux-riscv64-gnu@4.63.1':
    optional: true

  '@rollup/rollup-linux-riscv64-musl@4.63.1':
    optional: true

  '@rollup/rollup-linux-s390x-gnu@4.63.1':
    optional: true

  '@rollup/rollup-linux-x64-gnu@4.63.1':
    optional: true

  '@rollup/rollup-linux-x64-musl@4.63.1':
    optional: true

  '@rollup/rollup-openbsd-x64@4.63.1':
    optional: true

  '@rollup/rollup-openharmony-arm64@4.63.1':
    optional: true

  '@rollup/rollup-win32-arm64-msvc@4.63.1':
    optional: true

  '@rollup/rollup-win32-ia32-msvc@4.63.1':
    optional: true

  '@rollup/rollup-win32-x64-gnu@4.63.1':
    optional: true

  '@rollup/rollup-win32-x64-msvc@4.63.1':
    optional: true

  '@swc/core-darwin-arm64@1.15.33':
    optional: true

  '@swc/core-darwin-x64@1.15.33':
    optional: true

  '@swc/core-linux-arm-gnueabihf@1.15.33':
    optional: true

  '@swc/core-linux-arm64-gnu@1.15.33':
    optional: true

  '@swc/core-linux-arm64-musl@1.15.33':
    optional: true

  '@swc/core-linux-ppc64-gnu@1.15.33':
    optional: true

  '@swc/core-linux-s390x-gnu@1.15.33':
    optional: true

  '@swc/core-linux-x64-gnu@1.15.33':
    optional: true

  '@swc/core-linux-x64-musl@1.15.33':
    optional: true

  '@swc/core-win32-arm64-msvc@1.15.33':
    optional: true

  '@swc/core-win32-ia32-msvc@1.15.33':
    optional: true

  '@swc/core-win32-x64-msvc@1.15.33':
    optional: true

  '@swc/core@1.15.33':
    dependencies:
      '@swc/counter': 0.1.3
      '@swc/types': 0.1.28
    optionalDependencies:
      '@swc/core-darwin-arm64': 1.15.33
      '@swc/core-darwin-x64': 1.15.33
      '@swc/core-linux-arm-gnueabihf': 1.15.33
      '@swc/core-linux-arm64-gnu': 1.15.33
      '@swc/core-linux-arm64-musl': 1.15.33
      '@swc/core-linux-ppc64-gnu': 1.15.33
      '@swc/core-linux-s390x-gnu': 1.15.33
      '@swc/core-linux-x64-gnu': 1.15.33
      '@swc/core-linux-x64-musl': 1.15.33
      '@swc/core-win32-arm64-msvc': 1.15.33
      '@swc/core-win32-ia32-msvc': 1.15.33
      '@swc/core-win32-x64-msvc': 1.15.33

  '@swc/counter@0.1.3': {}

  '@swc/types@0.1.28':
    dependencies:
      '@swc/counter': 0.1.3

  '@types/estree@1.0.9': {}

  '@types/resolve@1.20.2': {}

  '@typescript/typescript-aix-ppc64@7.0.2':
    optional: true

  '@typescript/typescript-darwin-arm64@7.0.2':
    optional: true

  '@typescript/typescript-darwin-x64@7.0.2':
    optional: true

  '@typescript/typescript-freebsd-arm64@7.0.2':
    optional: true

  '@typescript/typescript-freebsd-x64@7.0.2':
    optional: true

  '@typescript/typescript-linux-arm64@7.0.2':
    optional: true

  '@typescript/typescript-linux-arm@7.0.2':
    optional: true

  '@typescript/typescript-linux-loong64@7.0.2':
    optional: true

  '@typescript/typescript-linux-mips64el@7.0.2':
    optional: true

  '@typescript/typescript-linux-ppc64@7.0.2':
    optional: true

  '@typescript/typescript-linux-riscv64@7.0.2':
    optional: true

  '@typescript/typescript-linux-s390x@7.0.2':
    optional: true

  '@typescript/typescript-linux-x64@7.0.2':
    optional: true

  '@typescript/typescript-netbsd-arm64@7.0.2':
    optional: true

  '@typescript/typescript-netbsd-x64@7.0.2':
    optional: true

  '@typescript/typescript-openbsd-arm64@7.0.2':
    optional: true

  '@typescript/typescript-openbsd-x64@7.0.2':
    optional: true

  '@typescript/typescript-sunos-x64@7.0.2':
    optional: true

  '@typescript/typescript-win32-arm64@7.0.2':
    optional: true

  '@typescript/typescript-win32-x64@7.0.2':
    optional: true

  '@typescript/typescript6@6.0.2':
    dependencies:
      '@typescript/old': typescript@6.0.3

  '@volar/language-core@2.4.28':
    dependencies:
      '@volar/source-map': 2.4.28

  '@volar/source-map@2.4.28': {}

  '@volar/typescript@2.4.28':
    dependencies:
      '@volar/language-core': 2.4.28
      path-browserify: 1.0.1
      vscode-uri: 3.1.0

  acorn@8.17.0: {}

  compare-versions@6.1.1: {}

  confbox@0.1.8: {}

  confbox@0.2.4: {}

  debug@4.4.3:
    dependencies:
      ms: 2.1.3

  deepmerge@4.3.1: {}

  detect-libc@2.1.2: {}

  es-errors@1.3.0: {}

  estree-walker@2.0.2: {}

  exsolve@1.1.0: {}

  fdir@6.5.0(picomatch@4.0.7):
    optionalDependencies:
      picomatch: 4.0.7

  fsevents@2.3.3:
    optional: true

  function-bind@1.1.2: {}

  hasown@2.0.3:
    dependencies:
      function-bind: 1.1.2

  is-core-module@2.16.2:
    dependencies:
      hasown: 2.0.3

  is-module@1.0.0: {}

  kolorist@1.8.0: {}

  lightningcss-android-arm64@1.33.0:
    optional: true

  lightningcss-darwin-arm64@1.33.0:
    optional: true

  lightningcss-darwin-x64@1.33.0:
    optional: true

  lightningcss-freebsd-x64@1.33.0:
    optional: true

  lightningcss-linux-arm-gnueabihf@1.33.0:
    optional: true

  lightningcss-linux-arm64-gnu@1.33.0:
    optional: true

  lightningcss-linux-arm64-musl@1.33.0:
    optional: true

  lightningcss-linux-x64-gnu@1.33.0:
    optional: true

  lightningcss-linux-x64-musl@1.33.0:
    optional: true

  lightningcss-win32-arm64-msvc@1.33.0:
    optional: true

  lightningcss-win32-x64-msvc@1.33.0:
    optional: true

  lightningcss@1.33.0:
    dependencies:
      detect-libc: 2.1.2
    optionalDependencies:
      lightningcss-android-arm64: 1.33.0
      lightningcss-darwin-arm64: 1.33.0
      lightningcss-darwin-x64: 1.33.0
      lightningcss-freebsd-x64: 1.33.0
      lightningcss-linux-arm-gnueabihf: 1.33.0
      lightningcss-linux-arm64-gnu: 1.33.0
      lightningcss-linux-arm64-musl: 1.33.0
      lightningcss-linux-x64-gnu: 1.33.0
      lightningcss-linux-x64-musl: 1.33.0
      lightningcss-win32-arm64-msvc: 1.33.0
      lightningcss-win32-x64-msvc: 1.33.0

  local-pkg@1.2.1:
    dependencies:
      mlly: 1.8.2
      pkg-types: 2.3.1
      quansync: 0.2.11

  magic-string@0.30.21:
    dependencies:
      '@jridgewell/sourcemap-codec': 1.5.5

  mlly@1.8.2:
    dependencies:
      acorn: 8.17.0
      pathe: 2.0.3
      pkg-types: 1.3.1
      ufo: 1.6.4

  ms@2.1.3: {}

  nanoid@3.3.18: {}

  path-browserify@1.0.1: {}

  path-parse@1.0.7: {}

  pathe@2.0.3: {}

  picocolors@1.1.1: {}

  picomatch@2.3.2: {}

  picomatch@4.0.7: {}

  pkg-types@1.3.1:
    dependencies:
      confbox: 0.1.8
      mlly: 1.8.2
      pathe: 2.0.3

  pkg-types@2.3.1:
    dependencies:
      confbox: 0.2.4
      exsolve: 1.1.0
      pathe: 2.0.3

  postcss@8.5.26:
    dependencies:
      nanoid: 3.3.18
      picocolors: 1.1.1
      source-map-js: 1.2.1

  quansync@0.2.11: {}

  resolve@1.22.12:
    dependencies:
      es-errors: 1.3.0
      is-core-module: 2.16.2
      path-parse: 1.0.7
      supports-preserve-symlinks-flag: 1.0.0

  rolldown@1.2.6:
    dependencies:
      '@oxc-project/types': 0.147.0
      '@rolldown/pluginutils': 1.0.1
    optionalDependencies:
      '@rolldown/binding-android-arm-eabi': 1.2.6
      '@rolldown/binding-android-arm64': 1.2.6
      '@rolldown/binding-darwin-arm64': 1.2.6
      '@rolldown/binding-darwin-x64': 1.2.6
      '@rolldown/binding-freebsd-x64': 1.2.6
      '@rolldown/binding-linux-arm-gnueabihf': 1.2.6
      '@rolldown/binding-linux-arm64-gnu': 1.2.6
      '@rolldown/binding-linux-arm64-musl': 1.2.6
      '@rolldown/binding-linux-ppc64-gnu': 1.2.6
      '@rolldown/binding-linux-s390x-gnu': 1.2.6
      '@rolldown/binding-linux-x64-gnu': 1.2.6
      '@rolldown/binding-linux-x64-musl': 1.2.6
      '@rolldown/binding-openharmony-arm64': 1.2.6
      '@rolldown/binding-win32-arm64-msvc': 1.2.6
      '@rolldown/binding-win32-x64-msvc': 1.2.6

  rollup-plugin-swc@0.2.1(@swc/core@1.15.33)(rollup@4.63.1):
    dependencies:
      '@rollup/pluginutils': 4.2.1
      '@swc/core': 1.15.33
      rollup: 4.63.1

  rollup@4.63.1:
    dependencies:
      '@types/estree': 1.0.9
    optionalDependencies:
      '@napi-rs/lzma-linux-x64-gnu': 1.5.1
      '@rollup/rollup-android-arm-eabi': 4.63.1
      '@rollup/rollup-android-arm64': 4.63.1
      '@rollup/rollup-darwin-arm64': 4.63.1
      '@rollup/rollup-darwin-x64': 4.63.1
      '@rollup/rollup-freebsd-arm64': 4.63.1
      '@rollup/rollup-freebsd-x64': 4.63.1
      '@rollup/rollup-linux-arm-gnueabihf': 4.63.1
      '@rollup/rollup-linux-arm-musleabihf': 4.63.1
      '@rollup/rollup-linux-arm64-gnu': 4.63.1
      '@rollup/rollup-linux-arm64-musl': 4.63.1
      '@rollup/rollup-linux-loong64-gnu': 4.63.1
      '@rollup/rollup-linux-loong64-musl': 4.63.1
      '@rollup/rollup-linux-ppc64-gnu': 4.63.1
      '@rollup/rollup-linux-ppc64-musl': 4.63.1
      '@rollup/rollup-linux-riscv64-gnu': 4.63.1
      '@rollup/rollup-linux-riscv64-musl': 4.63.1
      '@rollup/rollup-linux-s390x-gnu': 4.63.1
      '@rollup/rollup-linux-x64-gnu': 4.63.1
      '@rollup/rollup-linux-x64-musl': 4.63.1
      '@rollup/rollup-openbsd-x64': 4.63.1
      '@rollup/rollup-openharmony-arm64': 4.63.1
      '@rollup/rollup-win32-arm64-msvc': 4.63.1
      '@rollup/rollup-win32-ia32-msvc': 4.63.1
      '@rollup/rollup-win32-x64-gnu': 4.63.1
      '@rollup/rollup-win32-x64-msvc': 4.63.1
      fsevents: 2.3.3

  source-map-js@1.2.1: {}

  supports-preserve-symlinks-flag@1.0.0: {}

  tinyglobby@0.2.17:
    dependencies:
      fdir: 6.5.0(picomatch@4.0.7)
      picomatch: 4.0.7

  typescript@6.0.3: {}

  typescript@7.0.2:
    optionalDependencies:
      '@typescript/typescript-aix-ppc64': 7.0.2
      '@typescript/typescript-darwin-arm64': 7.0.2
      '@typescript/typescript-darwin-x64': 7.0.2
      '@typescript/typescript-freebsd-arm64': 7.0.2
      '@typescript/typescript-freebsd-x64': 7.0.2
      '@typescript/typescript-linux-arm': 7.0.2
      '@typescript/typescript-linux-arm64': 7.0.2
      '@typescript/typescript-linux-loong64': 7.0.2
      '@typescript/typescript-linux-mips64el': 7.0.2
      '@typescript/typescript-linux-ppc64': 7.0.2
      '@typescript/typescript-linux-riscv64': 7.0.2
      '@typescript/typescript-linux-s390x': 7.0.2
      '@typescript/typescript-linux-x64': 7.0.2
      '@typescript/typescript-netbsd-arm64': 7.0.2
      '@typescript/typescript-netbsd-x64': 7.0.2
      '@typescript/typescript-openbsd-arm64': 7.0.2
      '@typescript/typescript-openbsd-x64': 7.0.2
      '@typescript/typescript-sunos-x64': 7.0.2
      '@typescript/typescript-win32-arm64': 7.0.2
      '@typescript/typescript-win32-x64': 7.0.2

  ufo@1.6.4: {}

  unplugin-dts@1.0.3(rolldown@1.2.6)(rollup@4.63.1)(typescript@7.0.2)(vite@8.2.2):
    dependencies:
      '@rollup/pluginutils': 5.4.0(rollup@4.63.1)
      '@volar/typescript': 2.4.28
      compare-versions: 6.1.1
      debug: 4.4.3
      kolorist: 1.8.0
      local-pkg: 1.2.1
      magic-string: 0.30.21
      typescript: 7.0.2
      unplugin: 2.3.11
    optionalDependencies:
      rolldown: 1.2.6
      rollup: 4.63.1
      vite: 8.2.2
    transitivePeerDependencies:
      - supports-color

  unplugin@2.3.11:
    dependencies:
      '@jridgewell/remapping': 2.3.5
      acorn: 8.17.0
      picomatch: 4.0.7
      webpack-virtual-modules: 0.6.2

  vite-plugin-dts@5.0.3(rolldown@1.2.6)(rollup@4.63.1)(typescript@7.0.2)(vite@8.2.2):
    dependencies:
      unplugin-dts: 1.0.3(rolldown@1.2.6)(rollup@4.63.1)(typescript@7.0.2)(vite@8.2.2)
    optionalDependencies:
      rollup: 4.63.1
      vite: 8.2.2
    transitivePeerDependencies:
      - '@rspack/core'
      - '@vue/language-core'
      - esbuild
      - rolldown
      - supports-color
      - typescript
      - webpack

  vite@8.2.2:
    dependencies:
      lightningcss: 1.33.0
      picomatch: 4.0.7
      postcss: 8.5.26
      rolldown: 1.2.6
      tinyglobby: 0.2.17
    optionalDependencies:
      fsevents: 2.3.3

  vscode-uri@3.1.0: {}

  webpack-virtual-modules@0.6.2: {}
