lockfileVersion: '9.0'

settings:
  autoInstallPeers: true
  excludeLinksFromLockfile: false

importers:

  .:
    devDependencies:
      rollup:
        specifier: ^3.30.0
        version: 3.30.0

packages:

  fsevents@2.3.3:
    resolution: {integrity: sha512-5xoDfX+fL7faATnagmWPpbFtwh/R77WmMMqqHGS65C3vvB0YHrgF+B1YmZ3441tMj5n63k0212XNoJwzlhffQw==}
    engines: {node: ^8.16.0 || ^10.6.0 || >=11.0.0}
    os: [darwin]

  rollup@3.30.0:
    resolution: {integrity: sha512-kQvGasUgN+AlWGliFn2POSajRQEsULVYFGTvOZmK06d7vCD+YhZztt70kGk3qaeAXeWYL5eO7zx+rAubBc55eA==}
    engines: {node: '>=14.18.0', npm: '>=8.0.0'}
    hasBin: true

snapshots:

  fsevents@2.3.3:
    optional: true

  rollup@3.30.0:
    optionalDependencies:
      fsevents: 2.3.3
